
Microsoft Visual Studio Solution File, Format Version 12.00
# Visual Studio 15
VisualStudioVersion = 15.0.28307.489
MinimumVisualStudioVersion = 10.0.40219.1
Project("{FAE04EC0-301F-11D3-BF4B-00C04F79EFBC}") = "Entidades", "Entidades\Entidades.csproj", "{5D3316E9-3FBD-46EA-8FCA-899914559600}"
EndProject
Project("{FAE04EC0-301F-11D3-BF4B-00C04F79EFBC}") = "VistaForm", "frmFinal\VistaForm.csproj", "{06E84FD7-2B27-4E20-B258-C8081DBE9CE4}"
EndProject
Global
	GlobalSection(SolutionConfigurationPlatforms) = preSolution
		Debug|Any CPU = Debug|Any CPU
		Release|Any CPU = Release|Any CPU
	EndGlobalSection
	GlobalSection(ProjectConfigurationPlatforms) = postSolution
		{5D3316E9-3FBD-46EA-8FCA-899914559600}.Debug|Any CPU.ActiveCfg = Debug|Any CPU
		{5D3316E9-3FBD-46EA-8FCA-899914559600}.Debug|Any CPU.Build.0 = Debug|Any CPU
		{5D3316E9-3FBD-46EA-8FCA-899914559600}.Release|Any CPU.ActiveCfg = Release|Any CPU
		{5D3316E9-3FBD-46EA-8FCA-899914559600}.Release|Any CPU.Build.0 = Release|Any CPU
		{06E84FD7-2B27-4E20-B258-C8081DBE9CE4}.Debug|Any CPU.ActiveCfg = Debug|Any CPU
		{06E84FD7-2B27-4E20-B258-C8081DBE9CE4}.Debug|Any CPU.Build.0 = Debug|Any CPU
		{06E84FD7-2B27-4E20-B258-C8081DBE9CE4}.Release|Any CPU.ActiveCfg = Release|Any CPU
		{06E84FD7-2B27-4E20-B258-C8081DBE9CE4}.Release|Any CPU.Build.0 = Release|Any CPU
	EndGlobalSection
	GlobalSection(SolutionProperties) = preSolution
		HideSolutionNode = FALSE
	EndGlobalSection
	GlobalSection(ExtensibilityGlobals) = postSolution
		SolutionGuid = {6832AA96-9D0B-48AB-956B-F9DC1292E796}
	EndGlobalSection
EndGlobal
