
Microsoft Visual Studio Solution File, Format Version 12.00
# Visual Studio 15
VisualStudioVersion = 15.0.28307.489
MinimumVisualStudioVersion = 10.0.40219.1
Project("{FAE04EC0-301F-11D3-BF4B-00C04F79EFBC}") = "ConsoleApp1", "ConsoleApp1\ConsoleApp1.csproj", "{8D0A4463-E322-4168-9723-A2DA53D41242}"
EndProject
Project("{FAE04EC0-301F-11D3-BF4B-00C04F79EFBC}") = "EJ_11", "EJ_11\EJ_11.csproj", "{F991F365-39DB-44D5-9452-B433340CB230}"
EndProject
Project("{FAE04EC0-301F-11D3-BF4B-00C04F79EFBC}") = "EJ_12", "EJ_12\EJ_12.csproj", "{0A7C7CF4-3230-4467-8698-2D2A60645AB7}"
EndProject
Project("{FAE04EC0-301F-11D3-BF4B-00C04F79EFBC}") = "EJ_13", "EJ_13\EJ_13.csproj", "{3F0D850B-DC1A-4DA7-9A9F-81ADEBEA7667}"
EndProject
Project("{FAE04EC0-301F-11D3-BF4B-00C04F79EFBC}") = "EJ_14", "EJ_14\EJ_14.csproj", "{E1E8F303-EA9B-4796-AB48-C1C62AE1CFFE}"
EndProject
Project("{FAE04EC0-301F-11D3-BF4B-00C04F79EFBC}") = "EJ_15", "EJ_15\EJ_15.csproj", "{864AC31F-6D04-48D4-8B7A-2DE53B416B33}"
EndProject
Project("{FAE04EC0-301F-11D3-BF4B-00C04F79EFBC}") = "EJ_16", "EJ_16\EJ_16.csproj", "{352E8577-8AD9-4427-8B6D-FED6535D982C}"
EndProject
Project("{FAE04EC0-301F-11D3-BF4B-00C04F79EFBC}") = "Ej_17", "Ej_17\Ej_17.csproj", "{4099F600-D20A-48C4-A9D5-1367BAA4AB7B}"
EndProject
Project("{FAE04EC0-301F-11D3-BF4B-00C04F79EFBC}") = "Ej_18", "Ej_18\Ej_18.csproj", "{41A05DE1-CA07-41FD-8A63-2E2ED0FB2FFD}"
EndProject
Project("{FAE04EC0-301F-11D3-BF4B-00C04F79EFBC}") = "Ej_19", "Ej_19\Ej_19.csproj", "{E8AC4773-B908-4152-A665-2097500F94E3}"
EndProject
Project("{FAE04EC0-301F-11D3-BF4B-00C04F79EFBC}") = "Ej_20", "Ej_20\Ej_20.csproj", "{64A4C951-EBFC-4D4D-811F-3F50130CC53F}"
EndProject
Project("{FAE04EC0-301F-11D3-BF4B-00C04F79EFBC}") = "Ej_21", "Ej_21\Ej_21.csproj", "{8826868A-8975-449B-8CB5-D0EB8CEEE7DD}"
EndProject
Project("{FAE04EC0-301F-11D3-BF4B-00C04F79EFBC}") = "Ej_23_WFdel20", "WindowsFormsApp1\Ej_23_WFdel20.csproj", "{8A9CB2B4-2EDB-4A82-9BB5-0E7A3F6346C2}"
EndProject
Project("{FAE04EC0-301F-11D3-BF4B-00C04F79EFBC}") = "Ej_26", "Ej_26\Ej_26.csproj", "{7B6CEAA8-FB69-455E-AA6C-E94E35E475C2}"
EndProject
Project("{FAE04EC0-301F-11D3-BF4B-00C04F79EFBC}") = "Ej_27", "Ej_27\Ej_27.csproj", "{5B32B018-2C1D-4C2D-B918-E5D8F360AD0A}"
EndProject
Project("{FAE04EC0-301F-11D3-BF4B-00C04F79EFBC}") = "Ej_28", "Ej_28\Ej_28.csproj", "{D26C4DFA-4C9D-4556-8D29-14C8DD82A3F9}"
EndProject
Project("{FAE04EC0-301F-11D3-BF4B-00C04F79EFBC}") = "Ej_29.Entidades", "Ej_29.Entidades\Ej_29.Entidades.csproj", "{A248A78E-0284-4990-9765-0007960FFDC4}"
EndProject
Project("{FAE04EC0-301F-11D3-BF4B-00C04F79EFBC}") = "Ej_29.Test", "Ej_28.Test\Ej_29.Test.csproj", "{D8067634-E46D-4AC1-8F9A-4AF96081E724}"
EndProject
Global
	GlobalSection(SolutionConfigurationPlatforms) = preSolution
		Debug|Any CPU = Debug|Any CPU
		Release|Any CPU = Release|Any CPU
	EndGlobalSection
	GlobalSection(ProjectConfigurationPlatforms) = postSolution
		{8D0A4463-E322-4168-9723-A2DA53D41242}.Debug|Any CPU.ActiveCfg = Debug|Any CPU
		{8D0A4463-E322-4168-9723-A2DA53D41242}.Debug|Any CPU.Build.0 = Debug|Any CPU
		{8D0A4463-E322-4168-9723-A2DA53D41242}.Release|Any CPU.ActiveCfg = Release|Any CPU
		{8D0A4463-E322-4168-9723-A2DA53D41242}.Release|Any CPU.Build.0 = Release|Any CPU
		{F991F365-39DB-44D5-9452-B433340CB230}.Debug|Any CPU.ActiveCfg = Debug|Any CPU
		{F991F365-39DB-44D5-9452-B433340CB230}.Debug|Any CPU.Build.0 = Debug|Any CPU
		{F991F365-39DB-44D5-9452-B433340CB230}.Release|Any CPU.ActiveCfg = Release|Any CPU
		{F991F365-39DB-44D5-9452-B433340CB230}.Release|Any CPU.Build.0 = Release|Any CPU
		{0A7C7CF4-3230-4467-8698-2D2A60645AB7}.Debug|Any CPU.ActiveCfg = Debug|Any CPU
		{0A7C7CF4-3230-4467-8698-2D2A60645AB7}.Debug|Any CPU.Build.0 = Debug|Any CPU
		{0A7C7CF4-3230-4467-8698-2D2A60645AB7}.Release|Any CPU.ActiveCfg = Release|Any CPU
		{0A7C7CF4-3230-4467-8698-2D2A60645AB7}.Release|Any CPU.Build.0 = Release|Any CPU
		{3F0D850B-DC1A-4DA7-9A9F-81ADEBEA7667}.Debug|Any CPU.ActiveCfg = Debug|Any CPU
		{3F0D850B-DC1A-4DA7-9A9F-81ADEBEA7667}.Debug|Any CPU.Build.0 = Debug|Any CPU
		{3F0D850B-DC1A-4DA7-9A9F-81ADEBEA7667}.Release|Any CPU.ActiveCfg = Release|Any CPU
		{3F0D850B-DC1A-4DA7-9A9F-81ADEBEA7667}.Release|Any CPU.Build.0 = Release|Any CPU
		{E1E8F303-EA9B-4796-AB48-C1C62AE1CFFE}.Debug|Any CPU.ActiveCfg = Debug|Any CPU
		{E1E8F303-EA9B-4796-AB48-C1C62AE1CFFE}.Debug|Any CPU.Build.0 = Debug|Any CPU
		{E1E8F303-EA9B-4796-AB48-C1C62AE1CFFE}.Release|Any CPU.ActiveCfg = Release|Any CPU
		{E1E8F303-EA9B-4796-AB48-C1C62AE1CFFE}.Release|Any CPU.Build.0 = Release|Any CPU
		{864AC31F-6D04-48D4-8B7A-2DE53B416B33}.Debug|Any CPU.ActiveCfg = Debug|Any CPU
		{864AC31F-6D04-48D4-8B7A-2DE53B416B33}.Debug|Any CPU.Build.0 = Debug|Any CPU
		{864AC31F-6D04-48D4-8B7A-2DE53B416B33}.Release|Any CPU.ActiveCfg = Release|Any CPU
		{864AC31F-6D04-48D4-8B7A-2DE53B416B33}.Release|Any CPU.Build.0 = Release|Any CPU
		{352E8577-8AD9-4427-8B6D-FED6535D982C}.Debug|Any CPU.ActiveCfg = Debug|Any CPU
		{352E8577-8AD9-4427-8B6D-FED6535D982C}.Debug|Any CPU.Build.0 = Debug|Any CPU
		{352E8577-8AD9-4427-8B6D-FED6535D982C}.Release|Any CPU.ActiveCfg = Release|Any CPU
		{352E8577-8AD9-4427-8B6D-FED6535D982C}.Release|Any CPU.Build.0 = Release|Any CPU
		{4099F600-D20A-48C4-A9D5-1367BAA4AB7B}.Debug|Any CPU.ActiveCfg = Debug|Any CPU
		{4099F600-D20A-48C4-A9D5-1367BAA4AB7B}.Debug|Any CPU.Build.0 = Debug|Any CPU
		{4099F600-D20A-48C4-A9D5-1367BAA4AB7B}.Release|Any CPU.ActiveCfg = Release|Any CPU
		{4099F600-D20A-48C4-A9D5-1367BAA4AB7B}.Release|Any CPU.Build.0 = Release|Any CPU
		{41A05DE1-CA07-41FD-8A63-2E2ED0FB2FFD}.Debug|Any CPU.ActiveCfg = Debug|Any CPU
		{41A05DE1-CA07-41FD-8A63-2E2ED0FB2FFD}.Debug|Any CPU.Build.0 = Debug|Any CPU
		{41A05DE1-CA07-41FD-8A63-2E2ED0FB2FFD}.Release|Any CPU.ActiveCfg = Release|Any CPU
		{41A05DE1-CA07-41FD-8A63-2E2ED0FB2FFD}.Release|Any CPU.Build.0 = Release|Any CPU
		{E8AC4773-B908-4152-A665-2097500F94E3}.Debug|Any CPU.ActiveCfg = Debug|Any CPU
		{E8AC4773-B908-4152-A665-2097500F94E3}.Debug|Any CPU.Build.0 = Debug|Any CPU
		{E8AC4773-B908-4152-A665-2097500F94E3}.Release|Any CPU.ActiveCfg = Release|Any CPU
		{E8AC4773-B908-4152-A665-2097500F94E3}.Release|Any CPU.Build.0 = Release|Any CPU
		{64A4C951-EBFC-4D4D-811F-3F50130CC53F}.Debug|Any CPU.ActiveCfg = Debug|Any CPU
		{64A4C951-EBFC-4D4D-811F-3F50130CC53F}.Debug|Any CPU.Build.0 = Debug|Any CPU
		{64A4C951-EBFC-4D4D-811F-3F50130CC53F}.Release|Any CPU.ActiveCfg = Release|Any CPU
		{64A4C951-EBFC-4D4D-811F-3F50130CC53F}.Release|Any CPU.Build.0 = Release|Any CPU
		{8826868A-8975-449B-8CB5-D0EB8CEEE7DD}.Debug|Any CPU.ActiveCfg = Debug|Any CPU
		{8826868A-8975-449B-8CB5-D0EB8CEEE7DD}.Debug|Any CPU.Build.0 = Debug|Any CPU
		{8826868A-8975-449B-8CB5-D0EB8CEEE7DD}.Release|Any CPU.ActiveCfg = Release|Any CPU
		{8826868A-8975-449B-8CB5-D0EB8CEEE7DD}.Release|Any CPU.Build.0 = Release|Any CPU
		{8A9CB2B4-2EDB-4A82-9BB5-0E7A3F6346C2}.Debug|Any CPU.ActiveCfg = Debug|Any CPU
		{8A9CB2B4-2EDB-4A82-9BB5-0E7A3F6346C2}.Debug|Any CPU.Build.0 = Debug|Any CPU
		{8A9CB2B4-2EDB-4A82-9BB5-0E7A3F6346C2}.Release|Any CPU.ActiveCfg = Release|Any CPU
		{8A9CB2B4-2EDB-4A82-9BB5-0E7A3F6346C2}.Release|Any CPU.Build.0 = Release|Any CPU
		{7B6CEAA8-FB69-455E-AA6C-E94E35E475C2}.Debug|Any CPU.ActiveCfg = Debug|Any CPU
		{7B6CEAA8-FB69-455E-AA6C-E94E35E475C2}.Debug|Any CPU.Build.0 = Debug|Any CPU
		{7B6CEAA8-FB69-455E-AA6C-E94E35E475C2}.Release|Any CPU.ActiveCfg = Release|Any CPU
		{7B6CEAA8-FB69-455E-AA6C-E94E35E475C2}.Release|Any CPU.Build.0 = Release|Any CPU
		{5B32B018-2C1D-4C2D-B918-E5D8F360AD0A}.Debug|Any CPU.ActiveCfg = Debug|Any CPU
		{5B32B018-2C1D-4C2D-B918-E5D8F360AD0A}.Debug|Any CPU.Build.0 = Debug|Any CPU
		{5B32B018-2C1D-4C2D-B918-E5D8F360AD0A}.Release|Any CPU.ActiveCfg = Release|Any CPU
		{5B32B018-2C1D-4C2D-B918-E5D8F360AD0A}.Release|Any CPU.Build.0 = Release|Any CPU
		{D26C4DFA-4C9D-4556-8D29-14C8DD82A3F9}.Debug|Any CPU.ActiveCfg = Debug|Any CPU
		{D26C4DFA-4C9D-4556-8D29-14C8DD82A3F9}.Debug|Any CPU.Build.0 = Debug|Any CPU
		{D26C4DFA-4C9D-4556-8D29-14C8DD82A3F9}.Release|Any CPU.ActiveCfg = Release|Any CPU
		{D26C4DFA-4C9D-4556-8D29-14C8DD82A3F9}.Release|Any CPU.Build.0 = Release|Any CPU
		{A248A78E-0284-4990-9765-0007960FFDC4}.Debug|Any CPU.ActiveCfg = Debug|Any CPU
		{A248A78E-0284-4990-9765-0007960FFDC4}.Debug|Any CPU.Build.0 = Debug|Any CPU
		{A248A78E-0284-4990-9765-0007960FFDC4}.Release|Any CPU.ActiveCfg = Release|Any CPU
		{A248A78E-0284-4990-9765-0007960FFDC4}.Release|Any CPU.Build.0 = Release|Any CPU
		{D8067634-E46D-4AC1-8F9A-4AF96081E724}.Debug|Any CPU.ActiveCfg = Debug|Any CPU
		{D8067634-E46D-4AC1-8F9A-4AF96081E724}.Debug|Any CPU.Build.0 = Debug|Any CPU
		{D8067634-E46D-4AC1-8F9A-4AF96081E724}.Release|Any CPU.ActiveCfg = Release|Any CPU
		{D8067634-E46D-4AC1-8F9A-4AF96081E724}.Release|Any CPU.Build.0 = Release|Any CPU
	EndGlobalSection
	GlobalSection(SolutionProperties) = preSolution
		HideSolutionNode = FALSE
	EndGlobalSection
	GlobalSection(ExtensibilityGlobals) = postSolution
		SolutionGuid = {E52B9771-EE31-4DF8-AD0B-95E7287EA725}
	EndGlobalSection
EndGlobal
