
Microsoft Visual Studio Solution File, Format Version 12.00
# Visual Studio 15
VisualStudioVersion = 15.0.28307.489
MinimumVisualStudioVersion = 10.0.40219.1
Project("{FAE04EC0-301F-11D3-BF4B-00C04F79EFBC}") = "ConsoleApp1", "ConsoleApp1\ConsoleApp1.csproj", "{8D0A4463-E322-4168-9723-A2DA53D41242}"
EndProject
Project("{FAE04EC0-301F-11D3-BF4B-00C04F79EFBC}") = "EJ_11", "EJ_11\EJ_11.csproj", "{F991F365-39DB-44D5-9452-B433340CB230}"
EndProject
Project("{FAE04EC0-301F-11D3-BF4B-00C04F79EFBC}") = "EJ_12", "EJ_12\EJ_12.csproj", "{0A7C7CF4-3230-4467-8698-2D2A60645AB7}"
EndProject
Global
	GlobalSection(SolutionConfigurationPlatforms) = preSolution
		Debug|Any CPU = Debug|Any CPU
		Release|Any CPU = Release|Any CPU
	EndGlobalSection
	GlobalSection(ProjectConfigurationPlatforms) = postSolution
		{8D0A4463-E322-4168-9723-A2DA53D41242}.Debug|Any CPU.ActiveCfg = Debug|Any CPU
		{8D0A4463-E322-4168-9723-A2DA53D41242}.Debug|Any CPU.Build.0 = Debug|Any CPU
		{8D0A4463-E322-4168-9723-A2DA53D41242}.Release|Any CPU.ActiveCfg = Release|Any CPU
		{8D0A4463-E322-4168-9723-A2DA53D41242}.Release|Any CPU.Build.0 = Release|Any CPU
		{F991F365-39DB-44D5-9452-B433340CB230}.Debug|Any CPU.ActiveCfg = Debug|Any CPU
		{F991F365-39DB-44D5-9452-B433340CB230}.Debug|Any CPU.Build.0 = Debug|Any CPU
		{F991F365-39DB-44D5-9452-B433340CB230}.Release|Any CPU.ActiveCfg = Release|Any CPU
		{F991F365-39DB-44D5-9452-B433340CB230}.Release|Any CPU.Build.0 = Release|Any CPU
		{0A7C7CF4-3230-4467-8698-2D2A60645AB7}.Debug|Any CPU.ActiveCfg = Debug|Any CPU
		{0A7C7CF4-3230-4467-8698-2D2A60645AB7}.Debug|Any CPU.Build.0 = Debug|Any CPU
		{0A7C7CF4-3230-4467-8698-2D2A60645AB7}.Release|Any CPU.ActiveCfg = Release|Any CPU
		{0A7C7CF4-3230-4467-8698-2D2A60645AB7}.Release|Any CPU.Build.0 = Release|Any CPU
	EndGlobalSection
	GlobalSection(SolutionProperties) = preSolution
		HideSolutionNode = FALSE
	EndGlobalSection
	GlobalSection(ExtensibilityGlobals) = postSolution
		SolutionGuid = {E52B9771-EE31-4DF8-AD0B-95E7287EA725}
	EndGlobalSection
EndGlobal
