
Microsoft Visual Studio Solution File, Format Version 12.00
# Visual Studio 15
VisualStudioVersion = 15.0.28307.489
MinimumVisualStudioVersion = 10.0.40219.1
Project("{FAE04EC0-301F-11D3-BF4B-00C04F79EFBC}") = "Final", "Final\Final.csproj", "{E1F5EA79-E10B-41A3-A0CC-44934C84619D}"
EndProject
Project("{FAE04EC0-301F-11D3-BF4B-00C04F79EFBC}") = "Entidades", "Entidades\Entidades.csproj", "{959863BB-BD3E-4772-BA0D-29A9EC4A407E}"
EndProject
Project("{FAE04EC0-301F-11D3-BF4B-00C04F79EFBC}") = "TestUnitario", "TestUnitario\TestUnitario.csproj", "{FCC2C5CE-10B5-46B5-B133-C329BE472C0D}"
EndProject
Global
	GlobalSection(SolutionConfigurationPlatforms) = preSolution
		Debug|Any CPU = Debug|Any CPU
		Release|Any CPU = Release|Any CPU
	EndGlobalSection
	GlobalSection(ProjectConfigurationPlatforms) = postSolution
		{E1F5EA79-E10B-41A3-A0CC-44934C84619D}.Debug|Any CPU.ActiveCfg = Debug|Any CPU
		{E1F5EA79-E10B-41A3-A0CC-44934C84619D}.Debug|Any CPU.Build.0 = Debug|Any CPU
		{E1F5EA79-E10B-41A3-A0CC-44934C84619D}.Release|Any CPU.ActiveCfg = Release|Any CPU
		{E1F5EA79-E10B-41A3-A0CC-44934C84619D}.Release|Any CPU.Build.0 = Release|Any CPU
		{959863BB-BD3E-4772-BA0D-29A9EC4A407E}.Debug|Any CPU.ActiveCfg = Debug|Any CPU
		{959863BB-BD3E-4772-BA0D-29A9EC4A407E}.Debug|Any CPU.Build.0 = Debug|Any CPU
		{959863BB-BD3E-4772-BA0D-29A9EC4A407E}.Release|Any CPU.ActiveCfg = Release|Any CPU
		{959863BB-BD3E-4772-BA0D-29A9EC4A407E}.Release|Any CPU.Build.0 = Release|Any CPU
		{FCC2C5CE-10B5-46B5-B133-C329BE472C0D}.Debug|Any CPU.ActiveCfg = Debug|Any CPU
		{FCC2C5CE-10B5-46B5-B133-C329BE472C0D}.Debug|Any CPU.Build.0 = Debug|Any CPU
		{FCC2C5CE-10B5-46B5-B133-C329BE472C0D}.Release|Any CPU.ActiveCfg = Release|Any CPU
		{FCC2C5CE-10B5-46B5-B133-C329BE472C0D}.Release|Any CPU.Build.0 = Release|Any CPU
	EndGlobalSection
	GlobalSection(SolutionProperties) = preSolution
		HideSolutionNode = FALSE
	EndGlobalSection
	GlobalSection(ExtensibilityGlobals) = postSolution
		SolutionGuid = {B9736266-7A3F-494A-ADA0-C90A00E5AEA6}
	EndGlobalSection
EndGlobal
