
Microsoft Visual Studio Solution File, Format Version 12.00
# Visual Studio Express 14 for Windows Desktop
VisualStudioVersion = 14.0.25420.1
MinimumVisualStudioVersion = 10.0.40219.1
Project("{FAE04EC0-301F-11D3-BF4B-00C04F79EFBC}") = "Entidades", "Entidades\Entidades.csproj", "{D3D077D8-FB8E-4F97-81DF-60DFB9E39BDB}"
EndProject
Project("{FAE04EC0-301F-11D3-BF4B-00C04F79EFBC}") = "Parcial", "Parcial\Parcial.csproj", "{079D0141-4A48-4708-8F71-5D7D6EBAFDB0}"
EndProject
Global
	GlobalSection(SolutionConfigurationPlatforms) = preSolution
		Debug|Any CPU = Debug|Any CPU
		Release|Any CPU = Release|Any CPU
	EndGlobalSection
	GlobalSection(ProjectConfigurationPlatforms) = postSolution
		{D3D077D8-FB8E-4F97-81DF-60DFB9E39BDB}.Debug|Any CPU.ActiveCfg = Debug|Any CPU
		{D3D077D8-FB8E-4F97-81DF-60DFB9E39BDB}.Debug|Any CPU.Build.0 = Debug|Any CPU
		{D3D077D8-FB8E-4F97-81DF-60DFB9E39BDB}.Release|Any CPU.ActiveCfg = Release|Any CPU
		{D3D077D8-FB8E-4F97-81DF-60DFB9E39BDB}.Release|Any CPU.Build.0 = Release|Any CPU
		{079D0141-4A48-4708-8F71-5D7D6EBAFDB0}.Debug|Any CPU.ActiveCfg = Debug|Any CPU
		{079D0141-4A48-4708-8F71-5D7D6EBAFDB0}.Debug|Any CPU.Build.0 = Debug|Any CPU
		{079D0141-4A48-4708-8F71-5D7D6EBAFDB0}.Release|Any CPU.ActiveCfg = Release|Any CPU
		{079D0141-4A48-4708-8F71-5D7D6EBAFDB0}.Release|Any CPU.Build.0 = Release|Any CPU
	EndGlobalSection
	GlobalSection(SolutionProperties) = preSolution
		HideSolutionNode = FALSE
	EndGlobalSection
EndGlobal
