
Microsoft Visual Studio Solution File, Format Version 12.00
# Visual Studio 15
VisualStudioVersion = 15.0.27703.2047
MinimumVisualStudioVersion = 10.0.40219.1
Project("{FAE04EC0-301F-11D3-BF4B-00C04F79EFBC}") = "Entidades", "Entidades\Entidades.csproj", "{AC21FA77-5D53-41DB-8009-40A6058927D7}"
EndProject
Project("{FAE04EC0-301F-11D3-BF4B-00C04F79EFBC}") = "TEST", "TEST\TEST.csproj", "{CD15E9F1-3E07-48EA-B255-17929D5F59EA}"
EndProject
Global
	GlobalSection(SolutionConfigurationPlatforms) = preSolution
		Debug|Any CPU = Debug|Any CPU
		Release|Any CPU = Release|Any CPU
	EndGlobalSection
	GlobalSection(ProjectConfigurationPlatforms) = postSolution
		{AC21FA77-5D53-41DB-8009-40A6058927D7}.Debug|Any CPU.ActiveCfg = Debug|Any CPU
		{AC21FA77-5D53-41DB-8009-40A6058927D7}.Debug|Any CPU.Build.0 = Debug|Any CPU
		{AC21FA77-5D53-41DB-8009-40A6058927D7}.Release|Any CPU.ActiveCfg = Release|Any CPU
		{AC21FA77-5D53-41DB-8009-40A6058927D7}.Release|Any CPU.Build.0 = Release|Any CPU
		{CD15E9F1-3E07-48EA-B255-17929D5F59EA}.Debug|Any CPU.ActiveCfg = Debug|Any CPU
		{CD15E9F1-3E07-48EA-B255-17929D5F59EA}.Debug|Any CPU.Build.0 = Debug|Any CPU
		{CD15E9F1-3E07-48EA-B255-17929D5F59EA}.Release|Any CPU.ActiveCfg = Release|Any CPU
		{CD15E9F1-3E07-48EA-B255-17929D5F59EA}.Release|Any CPU.Build.0 = Release|Any CPU
	EndGlobalSection
	GlobalSection(SolutionProperties) = preSolution
		HideSolutionNode = FALSE
	EndGlobalSection
	GlobalSection(ExtensibilityGlobals) = postSolution
		SolutionGuid = {188720B8-E385-483C-87AC-12662BA375BB}
	EndGlobalSection
EndGlobal
