
Microsoft Visual Studio Solution File, Format Version 12.00
# Visual Studio 15
VisualStudioVersion = 15.0.27703.2047
MinimumVisualStudioVersion = 10.0.40219.1
Project("{FAE04EC0-301F-11D3-BF4B-00C04F79EFBC}") = "Ej_01", "Ej_01\Ej_01.csproj", "{0C80BFD9-BB55-4403-BD10-AC126E807E26}"
EndProject
Project("{FAE04EC0-301F-11D3-BF4B-00C04F79EFBC}") = "Ej_02", "ConsoleApp1\Ej_02.csproj", "{951EBEAE-99C7-42E7-AFC6-5DD6046F8193}"
EndProject
Project("{FAE04EC0-301F-11D3-BF4B-00C04F79EFBC}") = "Ej_03", "Ej_03\Ej_03.csproj", "{FB08B053-C42E-4B1F-98F1-70EE34DEDDD6}"
EndProject
Project("{FAE04EC0-301F-11D3-BF4B-00C04F79EFBC}") = "Ej_04", "Ej_04\Ej_04.csproj", "{6BE910F9-A3D9-4535-A27F-03FE4E4B5C77}"
EndProject
Project("{FAE04EC0-301F-11D3-BF4B-00C04F79EFBC}") = "Ej_05", "Ej_05\Ej_05.csproj", "{43F675BD-28CF-4304-ACA9-EF9FF2DB8CD1}"
EndProject
Project("{FAE04EC0-301F-11D3-BF4B-00C04F79EFBC}") = "Ej_06", "Ej_06\Ej_06.csproj", "{13D86D21-8C08-47D9-AE12-52CB2EB866F3}"
EndProject
Project("{FAE04EC0-301F-11D3-BF4B-00C04F79EFBC}") = "Ej_07", "Ej_07\Ej_07.csproj", "{C8394387-AA8D-4909-81B5-D240667173EC}"
EndProject
Project("{FAE04EC0-301F-11D3-BF4B-00C04F79EFBC}") = "Ej_09", "Ej_09\Ej_09.csproj", "{030B66F2-724B-485F-85E2-BC2E99F91FAD}"
EndProject
Project("{FAE04EC0-301F-11D3-BF4B-00C04F79EFBC}") = "PracCasaClase", "PracCasaClase\PracCasaClase.csproj", "{BDC22A30-EFE3-49EA-9518-FAE7290854AC}"
EndProject
Project("{FAE04EC0-301F-11D3-BF4B-00C04F79EFBC}") = "Clase03", "Clase03\Clase03.csproj", "{5247871C-08C7-426E-9318-090E6B2F42CB}"
EndProject
Project("{FAE04EC0-301F-11D3-BF4B-00C04F79EFBC}") = "Ej_16", "Ej_16\Ej_16.csproj", "{188F9855-B8F4-4EAA-88A3-63968D47FC7E}"
EndProject
Project("{FAE04EC0-301F-11D3-BF4B-00C04F79EFBC}") = "Ej_10", "Ej_10\Ej_10.csproj", "{D5917EB1-38F6-4306-A5C8-B74D724D4F2A}"
EndProject
Project("{FAE04EC0-301F-11D3-BF4B-00C04F79EFBC}") = "MiLibreria", "MiLibreria\MiLibreria.csproj", "{7AA5C2C2-0578-4F25-807C-4196ED151A76}"
EndProject
Project("{FAE04EC0-301F-11D3-BF4B-00C04F79EFBC}") = "Clase02.Entidades", "Clase02.Entidades\Clase02.Entidades.csproj", "{9914CFD8-45A5-4FB7-9A10-D8A48E8AE6A7}"
EndProject
Project("{FAE04EC0-301F-11D3-BF4B-00C04F79EFBC}") = "Clase02", "Clase02\Clase02.csproj", "{AF454010-8134-4DBC-8C0E-BA84CE53996E}"
EndProject
Project("{FAE04EC0-301F-11D3-BF4B-00C04F79EFBC}") = "Clase04", "Clase04\Clase04.csproj", "{29258966-4718-4950-AF49-A6BEA793F8F8}"
EndProject
Project("{FAE04EC0-301F-11D3-BF4B-00C04F79EFBC}") = "Clase04.Entidades", "Clase04.Entidades\Clase04.Entidades.csproj", "{FBF98E3D-E98B-406B-BD4A-F31C6F369DD1}"
EndProject
Project("{FAE04EC0-301F-11D3-BF4B-00C04F79EFBC}") = "Clase04.WindowsForms", "Clase04.WindowsForms\Clase04.WindowsForms.csproj", "{182605E0-06A2-42D3-9BB4-E5BC54BB0205}"
EndProject
Global
	GlobalSection(SolutionConfigurationPlatforms) = preSolution
		Debug|Any CPU = Debug|Any CPU
		Release|Any CPU = Release|Any CPU
	EndGlobalSection
	GlobalSection(ProjectConfigurationPlatforms) = postSolution
		{0C80BFD9-BB55-4403-BD10-AC126E807E26}.Debug|Any CPU.ActiveCfg = Debug|Any CPU
		{0C80BFD9-BB55-4403-BD10-AC126E807E26}.Debug|Any CPU.Build.0 = Debug|Any CPU
		{0C80BFD9-BB55-4403-BD10-AC126E807E26}.Release|Any CPU.ActiveCfg = Release|Any CPU
		{0C80BFD9-BB55-4403-BD10-AC126E807E26}.Release|Any CPU.Build.0 = Release|Any CPU
		{951EBEAE-99C7-42E7-AFC6-5DD6046F8193}.Debug|Any CPU.ActiveCfg = Debug|Any CPU
		{951EBEAE-99C7-42E7-AFC6-5DD6046F8193}.Debug|Any CPU.Build.0 = Debug|Any CPU
		{951EBEAE-99C7-42E7-AFC6-5DD6046F8193}.Release|Any CPU.ActiveCfg = Release|Any CPU
		{951EBEAE-99C7-42E7-AFC6-5DD6046F8193}.Release|Any CPU.Build.0 = Release|Any CPU
		{FB08B053-C42E-4B1F-98F1-70EE34DEDDD6}.Debug|Any CPU.ActiveCfg = Debug|Any CPU
		{FB08B053-C42E-4B1F-98F1-70EE34DEDDD6}.Debug|Any CPU.Build.0 = Debug|Any CPU
		{FB08B053-C42E-4B1F-98F1-70EE34DEDDD6}.Release|Any CPU.ActiveCfg = Release|Any CPU
		{FB08B053-C42E-4B1F-98F1-70EE34DEDDD6}.Release|Any CPU.Build.0 = Release|Any CPU
		{6BE910F9-A3D9-4535-A27F-03FE4E4B5C77}.Debug|Any CPU.ActiveCfg = Debug|Any CPU
		{6BE910F9-A3D9-4535-A27F-03FE4E4B5C77}.Debug|Any CPU.Build.0 = Debug|Any CPU
		{6BE910F9-A3D9-4535-A27F-03FE4E4B5C77}.Release|Any CPU.ActiveCfg = Release|Any CPU
		{6BE910F9-A3D9-4535-A27F-03FE4E4B5C77}.Release|Any CPU.Build.0 = Release|Any CPU
		{43F675BD-28CF-4304-ACA9-EF9FF2DB8CD1}.Debug|Any CPU.ActiveCfg = Debug|Any CPU
		{43F675BD-28CF-4304-ACA9-EF9FF2DB8CD1}.Debug|Any CPU.Build.0 = Debug|Any CPU
		{43F675BD-28CF-4304-ACA9-EF9FF2DB8CD1}.Release|Any CPU.ActiveCfg = Release|Any CPU
		{43F675BD-28CF-4304-ACA9-EF9FF2DB8CD1}.Release|Any CPU.Build.0 = Release|Any CPU
		{13D86D21-8C08-47D9-AE12-52CB2EB866F3}.Debug|Any CPU.ActiveCfg = Debug|Any CPU
		{13D86D21-8C08-47D9-AE12-52CB2EB866F3}.Debug|Any CPU.Build.0 = Debug|Any CPU
		{13D86D21-8C08-47D9-AE12-52CB2EB866F3}.Release|Any CPU.ActiveCfg = Release|Any CPU
		{13D86D21-8C08-47D9-AE12-52CB2EB866F3}.Release|Any CPU.Build.0 = Release|Any CPU
		{C8394387-AA8D-4909-81B5-D240667173EC}.Debug|Any CPU.ActiveCfg = Debug|Any CPU
		{C8394387-AA8D-4909-81B5-D240667173EC}.Debug|Any CPU.Build.0 = Debug|Any CPU
		{C8394387-AA8D-4909-81B5-D240667173EC}.Release|Any CPU.ActiveCfg = Release|Any CPU
		{C8394387-AA8D-4909-81B5-D240667173EC}.Release|Any CPU.Build.0 = Release|Any CPU
		{030B66F2-724B-485F-85E2-BC2E99F91FAD}.Debug|Any CPU.ActiveCfg = Debug|Any CPU
		{030B66F2-724B-485F-85E2-BC2E99F91FAD}.Debug|Any CPU.Build.0 = Debug|Any CPU
		{030B66F2-724B-485F-85E2-BC2E99F91FAD}.Release|Any CPU.ActiveCfg = Release|Any CPU
		{030B66F2-724B-485F-85E2-BC2E99F91FAD}.Release|Any CPU.Build.0 = Release|Any CPU
		{BDC22A30-EFE3-49EA-9518-FAE7290854AC}.Debug|Any CPU.ActiveCfg = Debug|Any CPU
		{BDC22A30-EFE3-49EA-9518-FAE7290854AC}.Debug|Any CPU.Build.0 = Debug|Any CPU
		{BDC22A30-EFE3-49EA-9518-FAE7290854AC}.Release|Any CPU.ActiveCfg = Release|Any CPU
		{BDC22A30-EFE3-49EA-9518-FAE7290854AC}.Release|Any CPU.Build.0 = Release|Any CPU
		{5247871C-08C7-426E-9318-090E6B2F42CB}.Debug|Any CPU.ActiveCfg = Debug|Any CPU
		{5247871C-08C7-426E-9318-090E6B2F42CB}.Debug|Any CPU.Build.0 = Debug|Any CPU
		{5247871C-08C7-426E-9318-090E6B2F42CB}.Release|Any CPU.ActiveCfg = Release|Any CPU
		{5247871C-08C7-426E-9318-090E6B2F42CB}.Release|Any CPU.Build.0 = Release|Any CPU
		{188F9855-B8F4-4EAA-88A3-63968D47FC7E}.Debug|Any CPU.ActiveCfg = Debug|Any CPU
		{188F9855-B8F4-4EAA-88A3-63968D47FC7E}.Debug|Any CPU.Build.0 = Debug|Any CPU
		{188F9855-B8F4-4EAA-88A3-63968D47FC7E}.Release|Any CPU.ActiveCfg = Release|Any CPU
		{188F9855-B8F4-4EAA-88A3-63968D47FC7E}.Release|Any CPU.Build.0 = Release|Any CPU
		{D5917EB1-38F6-4306-A5C8-B74D724D4F2A}.Debug|Any CPU.ActiveCfg = Debug|Any CPU
		{D5917EB1-38F6-4306-A5C8-B74D724D4F2A}.Debug|Any CPU.Build.0 = Debug|Any CPU
		{D5917EB1-38F6-4306-A5C8-B74D724D4F2A}.Release|Any CPU.ActiveCfg = Release|Any CPU
		{D5917EB1-38F6-4306-A5C8-B74D724D4F2A}.Release|Any CPU.Build.0 = Release|Any CPU
		{7AA5C2C2-0578-4F25-807C-4196ED151A76}.Debug|Any CPU.ActiveCfg = Debug|Any CPU
		{7AA5C2C2-0578-4F25-807C-4196ED151A76}.Debug|Any CPU.Build.0 = Debug|Any CPU
		{7AA5C2C2-0578-4F25-807C-4196ED151A76}.Release|Any CPU.ActiveCfg = Release|Any CPU
		{7AA5C2C2-0578-4F25-807C-4196ED151A76}.Release|Any CPU.Build.0 = Release|Any CPU
		{9914CFD8-45A5-4FB7-9A10-D8A48E8AE6A7}.Debug|Any CPU.ActiveCfg = Debug|Any CPU
		{9914CFD8-45A5-4FB7-9A10-D8A48E8AE6A7}.Debug|Any CPU.Build.0 = Debug|Any CPU
		{9914CFD8-45A5-4FB7-9A10-D8A48E8AE6A7}.Release|Any CPU.ActiveCfg = Release|Any CPU
		{9914CFD8-45A5-4FB7-9A10-D8A48E8AE6A7}.Release|Any CPU.Build.0 = Release|Any CPU
		{AF454010-8134-4DBC-8C0E-BA84CE53996E}.Debug|Any CPU.ActiveCfg = Debug|Any CPU
		{AF454010-8134-4DBC-8C0E-BA84CE53996E}.Debug|Any CPU.Build.0 = Debug|Any CPU
		{AF454010-8134-4DBC-8C0E-BA84CE53996E}.Release|Any CPU.ActiveCfg = Release|Any CPU
		{AF454010-8134-4DBC-8C0E-BA84CE53996E}.Release|Any CPU.Build.0 = Release|Any CPU
		{29258966-4718-4950-AF49-A6BEA793F8F8}.Debug|Any CPU.ActiveCfg = Debug|Any CPU
		{29258966-4718-4950-AF49-A6BEA793F8F8}.Debug|Any CPU.Build.0 = Debug|Any CPU
		{29258966-4718-4950-AF49-A6BEA793F8F8}.Release|Any CPU.ActiveCfg = Release|Any CPU
		{29258966-4718-4950-AF49-A6BEA793F8F8}.Release|Any CPU.Build.0 = Release|Any CPU
		{FBF98E3D-E98B-406B-BD4A-F31C6F369DD1}.Debug|Any CPU.ActiveCfg = Debug|Any CPU
		{FBF98E3D-E98B-406B-BD4A-F31C6F369DD1}.Debug|Any CPU.Build.0 = Debug|Any CPU
		{FBF98E3D-E98B-406B-BD4A-F31C6F369DD1}.Release|Any CPU.ActiveCfg = Release|Any CPU
		{FBF98E3D-E98B-406B-BD4A-F31C6F369DD1}.Release|Any CPU.Build.0 = Release|Any CPU
		{182605E0-06A2-42D3-9BB4-E5BC54BB0205}.Debug|Any CPU.ActiveCfg = Debug|Any CPU
		{182605E0-06A2-42D3-9BB4-E5BC54BB0205}.Debug|Any CPU.Build.0 = Debug|Any CPU
		{182605E0-06A2-42D3-9BB4-E5BC54BB0205}.Release|Any CPU.ActiveCfg = Release|Any CPU
		{182605E0-06A2-42D3-9BB4-E5BC54BB0205}.Release|Any CPU.Build.0 = Release|Any CPU
	EndGlobalSection
	GlobalSection(SolutionProperties) = preSolution
		HideSolutionNode = FALSE
	EndGlobalSection
	GlobalSection(ExtensibilityGlobals) = postSolution
		SolutionGuid = {92166CD0-F779-448E-A3DE-93AE2D2EFAEE}
	EndGlobalSection
EndGlobal
