
Microsoft Visual Studio Solution File, Format Version 12.00
# Visual Studio 15
VisualStudioVersion = 15.0.28307.572
MinimumVisualStudioVersion = 10.0.40219.1
Project("{FAE04EC0-301F-11D3-BF4B-00C04F79EFBC}") = "Entidades", "Entidades\Entidades.csproj", "{CA318E9D-20BB-4840-96B1-A39990FC786E}"
EndProject
Project("{FAE04EC0-301F-11D3-BF4B-00C04F79EFBC}") = "Test", "Test\Test.csproj", "{02131AC1-A949-4E7A-95A0-37A5DE44F50D}"
EndProject
Global
	GlobalSection(SolutionConfigurationPlatforms) = preSolution
		Debug|Any CPU = Debug|Any CPU
		Release|Any CPU = Release|Any CPU
	EndGlobalSection
	GlobalSection(ProjectConfigurationPlatforms) = postSolution
		{CA318E9D-20BB-4840-96B1-A39990FC786E}.Debug|Any CPU.ActiveCfg = Debug|Any CPU
		{CA318E9D-20BB-4840-96B1-A39990FC786E}.Debug|Any CPU.Build.0 = Debug|Any CPU
		{CA318E9D-20BB-4840-96B1-A39990FC786E}.Release|Any CPU.ActiveCfg = Release|Any CPU
		{CA318E9D-20BB-4840-96B1-A39990FC786E}.Release|Any CPU.Build.0 = Release|Any CPU
		{02131AC1-A949-4E7A-95A0-37A5DE44F50D}.Debug|Any CPU.ActiveCfg = Debug|Any CPU
		{02131AC1-A949-4E7A-95A0-37A5DE44F50D}.Debug|Any CPU.Build.0 = Debug|Any CPU
		{02131AC1-A949-4E7A-95A0-37A5DE44F50D}.Release|Any CPU.ActiveCfg = Release|Any CPU
		{02131AC1-A949-4E7A-95A0-37A5DE44F50D}.Release|Any CPU.Build.0 = Release|Any CPU
	EndGlobalSection
	GlobalSection(SolutionProperties) = preSolution
		HideSolutionNode = FALSE
	EndGlobalSection
	GlobalSection(ExtensibilityGlobals) = postSolution
		SolutionGuid = {C1E35890-D428-4099-8322-E6E863349E03}
	EndGlobalSection
EndGlobal
