
Microsoft Visual Studio Solution File, Format Version 12.00
# Visual Studio 15
VisualStudioVersion = 15.0.28307.489
MinimumVisualStudioVersion = 10.0.40219.1
Project("{FAE04EC0-301F-11D3-BF4B-00C04F79EFBC}") = "Entidades", "ClassLibrary1\Entidades.csproj", "{581A4B19-B087-4BA5-B937-53FA25E78CD1}"
EndProject
Project("{FAE04EC0-301F-11D3-BF4B-00C04F79EFBC}") = "TEST", "TEST\TEST.csproj", "{9046A4F6-444F-48D7-B83B-760BC1A60FD9}"
EndProject
Global
	GlobalSection(SolutionConfigurationPlatforms) = preSolution
		Debug|Any CPU = Debug|Any CPU
		Release|Any CPU = Release|Any CPU
	EndGlobalSection
	GlobalSection(ProjectConfigurationPlatforms) = postSolution
		{581A4B19-B087-4BA5-B937-53FA25E78CD1}.Debug|Any CPU.ActiveCfg = Debug|Any CPU
		{581A4B19-B087-4BA5-B937-53FA25E78CD1}.Debug|Any CPU.Build.0 = Debug|Any CPU
		{581A4B19-B087-4BA5-B937-53FA25E78CD1}.Release|Any CPU.ActiveCfg = Release|Any CPU
		{581A4B19-B087-4BA5-B937-53FA25E78CD1}.Release|Any CPU.Build.0 = Release|Any CPU
		{9046A4F6-444F-48D7-B83B-760BC1A60FD9}.Debug|Any CPU.ActiveCfg = Debug|Any CPU
		{9046A4F6-444F-48D7-B83B-760BC1A60FD9}.Debug|Any CPU.Build.0 = Debug|Any CPU
		{9046A4F6-444F-48D7-B83B-760BC1A60FD9}.Release|Any CPU.ActiveCfg = Release|Any CPU
		{9046A4F6-444F-48D7-B83B-760BC1A60FD9}.Release|Any CPU.Build.0 = Release|Any CPU
	EndGlobalSection
	GlobalSection(SolutionProperties) = preSolution
		HideSolutionNode = FALSE
	EndGlobalSection
	GlobalSection(ExtensibilityGlobals) = postSolution
		SolutionGuid = {818F31FC-772C-4240-AB4E-A95E2604EFA7}
	EndGlobalSection
EndGlobal
